
Microsoft Visual Studio Solution File, Format Version 12.00
# Visual Studio Version 17
VisualStudioVersion = 17.8.34309.116
MinimumVisualStudioVersion = 10.0.40219.1
Project("{FAE04EC0-301F-11D3-BF4B-00C04F79EFBC}") = "MyChatGPT", "MyChatGPT.csproj", "{064A07B9-5486-4D3B-93E2-33CDABC6C4D3}"
EndProject
Global
	GlobalSection(SolutionConfigurationPlatforms) = preSolution
		Debug|Any CPU = Debug|Any CPU
		Release|Any CPU = Release|Any CPU
	EndGlobalSection
	GlobalSection(ProjectConfigurationPlatforms) = postSolution
		{064A07B9-5486-4D3B-93E2-33CDABC6C4D3}.Debug|Any CPU.ActiveCfg = Debug|Any CPU
		{064A07B9-5486-4D3B-93E2-33CDABC6C4D3}.Debug|Any CPU.Build.0 = Debug|Any CPU
		{064A07B9-5486-4D3B-93E2-33CDABC6C4D3}.Debug|Any CPU.Deploy.0 = Debug|Any CPU
		{064A07B9-5486-4D3B-93E2-33CDABC6C4D3}.Release|Any CPU.ActiveCfg = Release|Any CPU
		{064A07B9-5486-4D3B-93E2-33CDABC6C4D3}.Release|Any CPU.Build.0 = Release|Any CPU
		{064A07B9-5486-4D3B-93E2-33CDABC6C4D3}.Release|Any CPU.Deploy.0 = Release|Any CPU
	EndGlobalSection
	GlobalSection(SolutionProperties) = preSolution
		HideSolutionNode = FALSE
	EndGlobalSection
	GlobalSection(ExtensibilityGlobals) = postSolution
		SolutionGuid = {FA72E202-910F-4A80-B71C-D7AF9DB419E8}
	EndGlobalSection
EndGlobal
